github.com/gdexlab/go-render v1.0.1 h1:rxqB3vo5s4n1kF0ySmoNeSPRYkEsyHgln4jFIQY7v0U=
github.com/gdexlab/go-render v1.0.1/go.mod h1:wRi5nW2qfjiGj4mPukH4UV0IknS1cHD4VgFTmJX5JzM=
github.com/go-sql-driver/mysql v1.5.0 h1:ozyZYNQW3x3HtqT1jira07DN2PArx2v7/mN66gGcHOs=
github.com/go-sql-driver/mysql v1.5.0/go.mod h1:DCzpHaOWr8IXmIStZouvnhqoel9Qv2LBy8hT2VhHyBg=
